{
    "doctrine/annotations": {
        "version": "1.0",
        "recipe": {
            "repo": "github.com/symfony/recipes",
            "branch": "master",
            "version": "1.0",
            "ref": "a2759dd6123694c8d901d0ec80006e044c2e6457"
        },
        "files": [
            "config/routes/annotations.yaml"
        ]
    },
    "doctrine/cache": {
        "version": "1.10.x-dev"
    },
    "doctrine/collections": {
        "version": "1.7.x-dev"
    },
    "doctrine/common": {
        "version": "3.3.x-dev"
    },
    "doctrine/dbal": {
        "version": "2.11.x-dev"
    },
    "doctrine/deprecations": {
        "version": "v0.5.3"
    },
    "doctrine/doctrine-bundle": {
        "version": "2.0",
        "recipe": {
            "repo": "github.com/symfony/recipes",
            "branch": "master",
            "version": "2.0",
            "ref": "a9f2463b9f73efe74482f831f03a204a41328555"
        },
        "files": [
            "config/packages/doctrine.yaml",
            "config/packages/prod/doctrine.yaml",
            "src/Entity/.gitignore",
            "src/Repository/.gitignore"
        ]
    },
    "doctrine/doctrine-migrations-bundle": {
        "version": "2.2",
        "recipe": {
            "repo": "github.com/symfony/recipes",
            "branch": "master",
            "version": "2.2",
            "ref": "baaa439e3e3179e69e3da84b671f0a3e4a2f56ad"
        },
        "files": [
            "config/packages/doctrine_migrations.yaml",
            "migrations/.gitignore"
        ]
    },
    "doctrine/event-manager": {
        "version": "1.1.x-dev"
    },
    "doctrine/inflector": {
        "version": "1.4.x-dev"
    },
    "doctrine/instantiator": {
        "version": "1.5.x-dev"
    },
    "doctrine/lexer": {
        "version": "1.3.x-dev"
    },
    "doctrine/migrations": {
        "version": "2.3.x-dev"
    },
    "doctrine/orm": {
        "version": "2.12.x-dev"
    },
    "doctrine/persistence": {
        "version": "1.4.x-dev"
    },
    "doctrine/sql-formatter": {
        "version": "1.x-dev"
    },
    "friendsofphp/proxy-manager-lts": {
        "version": "1.x-dev"
    },
    "laminas/laminas-code": {
        "version": "4.0.x-dev"
    },
    "monolog/monolog": {
        "version": "2.x-dev"
    },
    "nikic/php-parser": {
        "version": "v4.4.0"
    },
    "phpdocumentor/reflection-common": {
        "version": "2.x-dev"
    },
    "phpdocumentor/reflection-docblock": {
        "version": "4.3.4"
    },
    "phpdocumentor/type-resolver": {
        "version": "1.x-dev"
    },
    "psr/cache": {
        "version": "1.0.x-dev"
    },
    "psr/container": {
        "version": "1.0.x-dev"
    },
    "psr/event-dispatcher": {
        "version": "1.0.x-dev"
    },
    "psr/link": {
        "version": "1.0.x-dev"
    },
    "psr/log": {
        "version": "1.1.x-dev"
    },
    "sensio/framework-extra-bundle": {
        "version": "5.2",
        "recipe": {
            "repo": "github.com/symfony/recipes",
            "branch": "master",
            "version": "5.2",
            "ref": "fb7e19da7f013d0d422fa9bce16f5c510e27609b"
        },
        "files": [
            "config/packages/sensio_framework_extra.yaml"
        ]
    },
    "symfony/asset": {
        "version": "5.1.x-dev"
    },
    "symfony/browser-kit": {
        "version": "5.1.x-dev"
    },
    "symfony/cache": {
        "version": "5.1.x-dev"
    },
    "symfony/cache-contracts": {
        "version": "2.0.x-dev"
    },
    "symfony/config": {
        "version": "5.1.x-dev"
    },
    "symfony/console": {
        "version": "5.1",
        "recipe": {
            "repo": "github.com/symfony/recipes",
            "branch": "master",
            "version": "5.1",
            "ref": "c6d02bdfba9da13c22157520e32a602dbee8a75c"
        },
        "files": [
            "bin/console"
        ]
    },
    "symfony/css-selector": {
        "version": "5.1.x-dev"
    },
    "symfony/debug-bundle": {
        "version": "4.1",
        "recipe": {
            "repo": "github.com/symfony/recipes",
            "branch": "master",
            "version": "4.1",
            "ref": "f8863cbad2f2e58c4b65fa1eac892ab189971bea"
        },
        "files": [
            "config/packages/dev/debug.yaml"
        ]
    },
    "symfony/dependency-injection": {
        "version": "5.1.x-dev"
    },
    "symfony/deprecation-contracts": {
        "version": "2.1.x-dev"
    },
    "symfony/doctrine-bridge": {
        "version": "5.1.x-dev"
    },
    "symfony/dom-crawler": {
        "version": "5.1.x-dev"
    },
    "symfony/dotenv": {
        "version": "5.1.x-dev"
    },
    "symfony/error-handler": {
        "version": "5.1.x-dev"
    },
    "symfony/event-dispatcher": {
        "version": "5.1.x-dev"
    },
    "symfony/event-dispatcher-contracts": {
        "version": "2.0.x-dev"
    },
    "symfony/expression-language": {
        "version": "5.1.x-dev"
    },
    "symfony/filesystem": {
        "version": "5.1.x-dev"
    },
    "symfony/finder": {
        "version": "5.1.x-dev"
    },
    "symfony/flex": {
        "version": "1.0",
        "recipe": {
            "repo": "github.com/symfony/recipes",
            "branch": "master",
            "version": "1.0",
            "ref": "c0eeb50665f0f77226616b6038a9b06c03752d8e"
        },
        "files": [
            ".env"
        ]
    },
    "symfony/form": {
        "version": "5.1.x-dev"
    },
    "symfony/framework-bundle": {
        "version": "5.1",
        "recipe": {
            "repo": "github.com/symfony/recipes",
            "branch": "master",
            "version": "5.1",
            "ref": "20148abf61a454d2c045931d20e6418c729a675a"
        },
        "files": [
            "config/packages/cache.yaml",
            "config/packages/framework.yaml",
            "config/packages/test/framework.yaml",
            "config/routes/dev/framework.yaml",
            "config/services.yaml",
            "public/index.php",
            "src/Controller/.gitignore",
            "src/Kernel.php"
        ]
    },
    "symfony/http-foundation": {
        "version": "5.1.x-dev"
    },
    "symfony/http-kernel": {
        "version": "5.1.x-dev"
    },
    "symfony/maker-bundle": {
        "version": "1.0",
        "recipe": {
            "repo": "github.com/symfony/recipes",
            "branch": "master",
            "version": "1.0",
            "ref": "fadbfe33303a76e25cb63401050439aa9b1a9c7f"
        }
    },
    "symfony/monolog-bridge": {
        "version": "5.1.x-dev"
    },
    "symfony/monolog-bundle": {
        "version": "3.3",
        "recipe": {
            "repo": "github.com/symfony/recipes",
            "branch": "master",
            "version": "3.3",
            "ref": "d7249f7d560f6736115eee1851d02a65826f0a56"
        },
        "files": [
            "config/packages/dev/monolog.yaml",
            "config/packages/prod/deprecations.yaml",
            "config/packages/prod/monolog.yaml",
            "config/packages/test/monolog.yaml"
        ]
    },
    "symfony/options-resolver": {
        "version": "5.1.x-dev"
    },
    "symfony/password-hasher": {
        "version": "6.0.x-dev"
    },
    "symfony/phpunit-bridge": {
        "version": "4.3",
        "recipe": {
            "repo": "github.com/symfony/recipes",
            "branch": "master",
            "version": "4.3",
            "ref": "6d0e35f749d5f4bfe1f011762875275cd3f9874f"
        },
        "files": [
            ".env.test",
            "bin/phpunit",
            "phpunit.xml.dist",
            "tests/bootstrap.php"
        ]
    },
    "symfony/polyfill-intl-grapheme": {
        "version": "1.15.x-dev"
    },
    "symfony/polyfill-intl-icu": {
        "version": "1.15.x-dev"
    },
    "symfony/polyfill-intl-normalizer": {
        "version": "1.15.x-dev"
    },
    "symfony/polyfill-mbstring": {
        "version": "1.15.x-dev"
    },
    "symfony/polyfill-php81": {
        "version": "v1.25.0"
    },
    "symfony/process": {
        "version": "5.1.x-dev"
    },
    "symfony/property-access": {
        "version": "5.1.x-dev"
    },
    "symfony/property-info": {
        "version": "5.1.x-dev"
    },
    "symfony/routing": {
        "version": "5.1",
        "recipe": {
            "repo": "github.com/symfony/recipes",
            "branch": "master",
            "version": "5.1",
            "ref": "b4f3e7c95e38b606eef467e8a42a8408fc460c43"
        },
        "files": [
            "config/packages/prod/routing.yaml",
            "config/packages/routing.yaml",
            "config/routes.yaml"
        ]
    },
    "symfony/security-bundle": {
        "version": "5.1",
        "recipe": {
            "repo": "github.com/symfony/recipes",
            "branch": "master",
            "version": "5.1",
            "ref": "0a4bae19389d3b9cba1ca0102e3b2bccea724603"
        },
        "files": [
            "config/packages/security.yaml"
        ]
    },
    "symfony/security-core": {
        "version": "5.1.x-dev"
    },
    "symfony/security-csrf": {
        "version": "5.1.x-dev"
    },
    "symfony/security-http": {
        "version": "5.1.x-dev"
    },
    "symfony/serializer": {
        "version": "5.1.x-dev"
    },
    "symfony/service-contracts": {
        "version": "2.0.x-dev"
    },
    "symfony/stopwatch": {
        "version": "5.1.x-dev"
    },
    "symfony/string": {
        "version": "5.1.x-dev"
    },
    "symfony/translation-contracts": {
        "version": "2.0.x-dev"
    },
    "symfony/twig-bridge": {
        "version": "5.1.x-dev"
    },
    "symfony/twig-bundle": {
        "version": "5.0",
        "recipe": {
            "repo": "github.com/symfony/recipes",
            "branch": "master",
            "version": "5.0",
            "ref": "fab9149bbaa4d5eca054ed93f9e1b66cc500895d"
        },
        "files": [
            "config/packages/test/twig.yaml",
            "config/packages/twig.yaml",
            "templates/base.html.twig"
        ]
    },
    "symfony/validator": {
        "version": "4.3",
        "recipe": {
            "repo": "github.com/symfony/recipes",
            "branch": "master",
            "version": "4.3",
            "ref": "d902da3e4952f18d3bf05aab29512eb61cabd869"
        },
        "files": [
            "config/packages/test/validator.yaml",
            "config/packages/validator.yaml"
        ]
    },
    "symfony/var-dumper": {
        "version": "5.1.x-dev"
    },
    "symfony/var-exporter": {
        "version": "5.1.x-dev"
    },
    "symfony/web-link": {
        "version": "5.1.x-dev"
    },
    "symfony/web-profiler-bundle": {
        "version": "3.3",
        "recipe": {
            "repo": "github.com/symfony/recipes",
            "branch": "master",
            "version": "3.3",
            "ref": "6bdfa1a95f6b2e677ab985cd1af2eae35d62e0f6"
        }
    },
    "symfony/workflow": {
        "version": "3.3",
        "recipe": {
            "repo": "github.com/symfony/recipes",
            "branch": "master",
            "version": "3.3",
            "ref": "3b2f8ca32a07fcb00f899649053943fa3d8bbfb6"
        },
        "files": [
            "config/packages/workflow.yaml"
        ]
    },
    "symfony/yaml": {
        "version": "5.1.x-dev"
    },
    "twig/twig": {
        "version": "3.x-dev"
    },
    "webmozart/assert": {
        "version": "1.8.0"
    }
}
