{
    "doctrine/annotations": {
        "version": "1.14",
        "recipe": {
            "repo": "github.com/symfony/recipes",
            "branch": "master",
            "version": "1.10",
            "ref": "64d8583af5ea57b7afa4aba4b159907f3a148b05"
        }
    },
    "doctrine/cache": {
        "version": "2.1.x-dev"
    },
    "doctrine/collections": {
        "version": "1.7.x-dev"
    },
    "doctrine/dbal": {
        "version": "3.4.x-dev"
    },
    "doctrine/deprecations": {
        "version": "v0.5.3"
    },
    "doctrine/doctrine-bundle": {
        "version": "2.11",
        "recipe": {
            "repo": "github.com/symfony/recipes",
            "branch": "main",
            "version": "2.10",
            "ref": "c170ded8fc587d6bd670550c43dafcf093762245"
        },
        "files": [
            "config/packages/doctrine.yaml",
            "src/Entity/.gitignore",
            "src/Repository/.gitignore"
        ]
    },
    "doctrine/doctrine-migrations-bundle": {
        "version": "3.3",
        "recipe": {
            "repo": "github.com/symfony/recipes",
            "branch": "main",
            "version": "3.1",
            "ref": "1d01ec03c6ecbd67c3375c5478c9a423ae5d6a33"
        },
        "files": [
            "config/packages/doctrine_migrations.yaml",
            "migrations/.gitignore"
        ]
    },
    "doctrine/event-manager": {
        "version": "1.2.x-dev"
    },
    "doctrine/inflector": {
        "version": "2.1.x-dev"
    },
    "doctrine/instantiator": {
        "version": "1.5.x-dev"
    },
    "doctrine/lexer": {
        "version": "1.3.x-dev"
    },
    "doctrine/orm": {
        "version": "2.12.x-dev"
    },
    "doctrine/persistence": {
        "version": "2.5.x-dev"
    },
    "doctrine/sql-formatter": {
        "version": "1.2.x-dev"
    },
    "monolog/monolog": {
        "version": "2.x-dev"
    },
    "nikic/php-parser": {
        "version": "v4.13.2"
    },
    "phpdocumentor/reflection-common": {
        "version": "2.x-dev"
    },
    "phpdocumentor/reflection-docblock": {
        "version": "5.x-dev"
    },
    "phpdocumentor/type-resolver": {
        "version": "1.x-dev"
    },
    "psr/cache": {
        "version": "3.0.x-dev"
    },
    "psr/container": {
        "version": "2.0.x-dev"
    },
    "psr/event-dispatcher": {
        "version": "1.0.x-dev"
    },
    "psr/link": {
        "version": "2.0.x-dev"
    },
    "psr/log": {
        "version": "3.x-dev"
    },
    "symfony/apache-pack": {
        "version": "1.0",
        "recipe": {
            "repo": "github.com/symfony/recipes-contrib",
            "branch": "main",
            "version": "1.0",
            "ref": "5d454ec6cc4c700ed3d963f3803e1d427d9669fb"
        },
        "files": [
            "public/.htaccess"
        ]
    },
    "symfony/asset": {
        "version": "6.0.x-dev"
    },
    "symfony/browser-kit": {
        "version": "6.0.x-dev"
    },
    "symfony/cache": {
        "version": "6.0.x-dev"
    },
    "symfony/cache-contracts": {
        "version": "3.1.x-dev"
    },
    "symfony/config": {
        "version": "6.0.x-dev"
    },
    "symfony/console": {
        "version": "7.0",
        "recipe": {
            "repo": "github.com/symfony/recipes",
            "branch": "main",
            "version": "5.3",
            "ref": "da0c8be8157600ad34f10ff0c9cc91232522e047"
        },
        "files": [
            "bin/console"
        ]
    },
    "symfony/css-selector": {
        "version": "6.0.x-dev"
    },
    "symfony/debug-bundle": {
        "version": "7.0",
        "recipe": {
            "repo": "github.com/symfony/recipes",
            "branch": "main",
            "version": "5.3",
            "ref": "5aa8aa48234c8eb6dbdd7b3cd5d791485d2cec4b"
        },
        "files": [
            "config/packages/debug.yaml"
        ]
    },
    "symfony/dependency-injection": {
        "version": "6.0.x-dev"
    },
    "symfony/deprecation-contracts": {
        "version": "3.1.x-dev"
    },
    "symfony/doctrine-bridge": {
        "version": "6.0.x-dev"
    },
    "symfony/dom-crawler": {
        "version": "6.0.x-dev"
    },
    "symfony/dotenv": {
        "version": "6.0.x-dev"
    },
    "symfony/error-handler": {
        "version": "6.0.x-dev"
    },
    "symfony/event-dispatcher": {
        "version": "6.0.x-dev"
    },
    "symfony/event-dispatcher-contracts": {
        "version": "3.1.x-dev"
    },
    "symfony/expression-language": {
        "version": "6.0.x-dev"
    },
    "symfony/filesystem": {
        "version": "6.0.x-dev"
    },
    "symfony/finder": {
        "version": "6.0.x-dev"
    },
    "symfony/flex": {
        "version": "2.4",
        "recipe": {
            "repo": "github.com/symfony/recipes",
            "branch": "main",
            "version": "1.0",
            "ref": "146251ae39e06a95be0fe3d13c807bcf3938b172"
        },
        "files": [
            ".env"
        ]
    },
    "symfony/form": {
        "version": "6.0.x-dev"
    },
    "symfony/framework-bundle": {
        "version": "7.0",
        "recipe": {
            "repo": "github.com/symfony/recipes",
            "branch": "main",
            "version": "7.0",
            "ref": "6356c19b9ae08e7763e4ba2d9ae63043efc75db5"
        },
        "files": [
            "config/packages/cache.yaml",
            "config/packages/framework.yaml",
            "config/preload.php",
            "config/routes/framework.yaml",
            "config/services.yaml",
            "public/index.php",
            "src/Controller/.gitignore",
            "src/Kernel.php"
        ]
    },
    "symfony/http-foundation": {
        "version": "6.0.x-dev"
    },
    "symfony/http-kernel": {
        "version": "6.0.x-dev"
    },
    "symfony/maker-bundle": {
        "version": "1.54",
        "recipe": {
            "repo": "github.com/symfony/recipes",
            "branch": "main",
            "version": "1.0",
            "ref": "fadbfe33303a76e25cb63401050439aa9b1a9c7f"
        }
    },
    "symfony/monolog-bridge": {
        "version": "6.0.x-dev"
    },
    "symfony/monolog-bundle": {
        "version": "3.10",
        "recipe": {
            "repo": "github.com/symfony/recipes",
            "branch": "main",
            "version": "3.7",
            "ref": "aff23899c4440dd995907613c1dd709b6f59503f"
        },
        "files": [
            "config/packages/monolog.yaml"
        ]
    },
    "symfony/options-resolver": {
        "version": "6.0.x-dev"
    },
    "symfony/password-hasher": {
        "version": "6.0.x-dev"
    },
    "symfony/phpunit-bridge": {
        "version": "7.0",
        "recipe": {
            "repo": "github.com/symfony/recipes",
            "branch": "main",
            "version": "6.3",
            "ref": "a411a0480041243d97382cac7984f7dce7813c08"
        },
        "files": [
            ".env.test",
            "bin/phpunit",
            "phpunit.xml.dist",
            "tests/bootstrap.php"
        ]
    },
    "symfony/polyfill-intl-grapheme": {
        "version": "v1.25.0"
    },
    "symfony/polyfill-intl-icu": {
        "version": "v1.25.0"
    },
    "symfony/polyfill-intl-normalizer": {
        "version": "v1.25.0"
    },
    "symfony/polyfill-mbstring": {
        "version": "v1.25.0"
    },
    "symfony/process": {
        "version": "6.0.x-dev"
    },
    "symfony/property-access": {
        "version": "6.0.x-dev"
    },
    "symfony/property-info": {
        "version": "6.0.x-dev"
    },
    "symfony/routing": {
        "version": "7.0",
        "recipe": {
            "repo": "github.com/symfony/recipes",
            "branch": "main",
            "version": "7.0",
            "ref": "21b72649d5622d8f7da329ffb5afb232a023619d"
        },
        "files": [
            "config/packages/routing.yaml",
            "config/routes.yaml"
        ]
    },
    "symfony/runtime": {
        "version": "6.0.x-dev"
    },
    "symfony/security-bundle": {
        "version": "7.0",
        "recipe": {
            "repo": "github.com/symfony/recipes",
            "branch": "main",
            "version": "6.4",
            "ref": "2ae08430db28c8eb4476605894296c82a642028f"
        },
        "files": [
            "config/packages/security.yaml",
            "config/routes/security.yaml"
        ]
    },
    "symfony/security-core": {
        "version": "6.0.x-dev"
    },
    "symfony/security-csrf": {
        "version": "6.0.x-dev"
    },
    "symfony/security-http": {
        "version": "6.0.x-dev"
    },
    "symfony/serializer": {
        "version": "6.0.x-dev"
    },
    "symfony/service-contracts": {
        "version": "3.1.x-dev"
    },
    "symfony/stopwatch": {
        "version": "6.0.x-dev"
    },
    "symfony/string": {
        "version": "6.0.x-dev"
    },
    "symfony/translation": {
        "version": "7.1",
        "recipe": {
            "repo": "github.com/symfony/recipes",
            "branch": "main",
            "version": "6.3",
            "ref": "e28e27f53663cc34f0be2837aba18e3a1bef8e7b"
        },
        "files": [
            "config/packages/translation.yaml",
            "translations/.gitignore"
        ]
    },
    "symfony/translation-contracts": {
        "version": "3.1.x-dev"
    },
    "symfony/twig-bridge": {
        "version": "6.0.x-dev"
    },
    "symfony/twig-bundle": {
        "version": "7.0",
        "recipe": {
            "repo": "github.com/symfony/recipes",
            "branch": "main",
            "version": "6.4",
            "ref": "cab5fd2a13a45c266d45a7d9337e28dee6272877"
        },
        "files": [
            "config/packages/twig.yaml",
            "templates/base.html.twig"
        ]
    },
    "symfony/validator": {
        "version": "7.0",
        "recipe": {
            "repo": "github.com/symfony/recipes",
            "branch": "main",
            "version": "7.0",
            "ref": "8c1c4e28d26a124b0bb273f537ca8ce443472bfd"
        },
        "files": [
            "config/packages/validator.yaml"
        ]
    },
    "symfony/var-dumper": {
        "version": "6.0.x-dev"
    },
    "symfony/var-exporter": {
        "version": "6.0.x-dev"
    },
    "symfony/web-link": {
        "version": "6.0.x-dev"
    },
    "symfony/web-profiler-bundle": {
        "version": "7.0",
        "recipe": {
            "repo": "github.com/symfony/recipes",
            "branch": "main",
            "version": "6.1",
            "ref": "e42b3f0177df239add25373083a564e5ead4e13a"
        },
        "files": [
            "config/packages/web_profiler.yaml",
            "config/routes/web_profiler.yaml"
        ]
    },
    "symfony/workflow": {
        "version": "7.0",
        "recipe": {
            "repo": "github.com/symfony/recipes",
            "branch": "main",
            "version": "3.3",
            "ref": "3b2f8ca32a07fcb00f899649053943fa3d8bbfb6"
        },
        "files": [
            "config/packages/workflow.yaml"
        ]
    },
    "symfony/yaml": {
        "version": "6.0.x-dev"
    },
    "twig/twig": {
        "version": "3.x-dev"
    },
    "webmozart/assert": {
        "version": "1.10.x-dev"
    }
}
