{
    "doctrine/annotations": {
        "version": "1.14",
        "recipe": {
            "repo": "github.com/symfony/recipes",
            "branch": "master",
            "version": "1.10",
            "ref": "64d8583af5ea57b7afa4aba4b159907f3a148b05"
        }
    },
    "doctrine/cache": {
        "version": "2.1.x-dev"
    },
    "doctrine/collections": {
        "version": "1.7.x-dev"
    },
    "doctrine/common": {
        "version": "3.3.x-dev"
    },
    "doctrine/dbal": {
        "version": "3.4.x-dev"
    },
    "doctrine/deprecations": {
        "version": "v0.5.3"
    },
    "doctrine/doctrine-bundle": {
        "version": "2.6",
        "recipe": {
            "repo": "github.com/symfony/recipes",
            "branch": "master",
            "version": "2.4",
            "ref": "ddddd8249dd55bbda16fa7a45bb7499ef6f8e90e"
        },
        "files": [
            "config/packages/doctrine.yaml",
            "src/Entity/.gitignore",
            "src/Repository/.gitignore"
        ]
    },
    "doctrine/event-manager": {
        "version": "1.2.x-dev"
    },
    "doctrine/inflector": {
        "version": "2.1.x-dev"
    },
    "doctrine/instantiator": {
        "version": "1.5.x-dev"
    },
    "doctrine/lexer": {
        "version": "1.3.x-dev"
    },
    "doctrine/orm": {
        "version": "2.12.x-dev"
    },
    "doctrine/persistence": {
        "version": "2.5.x-dev"
    },
    "doctrine/sql-formatter": {
        "version": "1.2.x-dev"
    },
    "monolog/monolog": {
        "version": "2.x-dev"
    },
    "nikic/php-parser": {
        "version": "v4.13.2"
    },
    "phpdocumentor/reflection-common": {
        "version": "2.x-dev"
    },
    "phpdocumentor/reflection-docblock": {
        "version": "5.x-dev"
    },
    "phpdocumentor/type-resolver": {
        "version": "1.x-dev"
    },
    "psr/cache": {
        "version": "3.0.x-dev"
    },
    "psr/container": {
        "version": "2.0.x-dev"
    },
    "psr/event-dispatcher": {
        "version": "1.0.x-dev"
    },
    "psr/link": {
        "version": "2.0.x-dev"
    },
    "psr/log": {
        "version": "3.x-dev"
    },
    "sensio/framework-extra-bundle": {
        "version": "5.2",
        "recipe": {
            "repo": "github.com/symfony/recipes",
            "branch": "master",
            "version": "5.2",
            "ref": "fb7e19da7f013d0d422fa9bce16f5c510e27609b"
        },
        "files": [
            "config/packages/sensio_framework_extra.yaml"
        ]
    },
    "symfony/asset": {
        "version": "6.0.x-dev"
    },
    "symfony/browser-kit": {
        "version": "6.0.x-dev"
    },
    "symfony/cache": {
        "version": "6.0.x-dev"
    },
    "symfony/cache-contracts": {
        "version": "3.1.x-dev"
    },
    "symfony/config": {
        "version": "6.0.x-dev"
    },
    "symfony/console": {
        "version": "6.0",
        "recipe": {
            "repo": "github.com/symfony/recipes",
            "branch": "master",
            "version": "5.3",
            "ref": "da0c8be8157600ad34f10ff0c9cc91232522e047"
        },
        "files": [
            "bin/console"
        ]
    },
    "symfony/css-selector": {
        "version": "6.0.x-dev"
    },
    "symfony/debug-bundle": {
        "version": "6.0",
        "recipe": {
            "repo": "github.com/symfony/recipes",
            "branch": "master",
            "version": "5.3",
            "ref": "5aa8aa48234c8eb6dbdd7b3cd5d791485d2cec4b"
        },
        "files": [
            "config/packages/debug.yaml"
        ]
    },
    "symfony/dependency-injection": {
        "version": "6.0.x-dev"
    },
    "symfony/deprecation-contracts": {
        "version": "3.1.x-dev"
    },
    "symfony/doctrine-bridge": {
        "version": "6.0.x-dev"
    },
    "symfony/dom-crawler": {
        "version": "6.0.x-dev"
    },
    "symfony/dotenv": {
        "version": "6.0.x-dev"
    },
    "symfony/error-handler": {
        "version": "6.0.x-dev"
    },
    "symfony/event-dispatcher": {
        "version": "6.0.x-dev"
    },
    "symfony/event-dispatcher-contracts": {
        "version": "3.1.x-dev"
    },
    "symfony/expression-language": {
        "version": "6.0.x-dev"
    },
    "symfony/filesystem": {
        "version": "6.0.x-dev"
    },
    "symfony/finder": {
        "version": "6.0.x-dev"
    },
    "symfony/flex": {
        "version": "1.0",
        "recipe": {
            "repo": "github.com/symfony/recipes",
            "branch": "master",
            "version": "1.0",
            "ref": "c0eeb50665f0f77226616b6038a9b06c03752d8e"
        },
        "files": [
            ".env"
        ]
    },
    "symfony/form": {
        "version": "6.0.x-dev"
    },
    "symfony/framework-bundle": {
        "version": "6.0",
        "recipe": {
            "repo": "github.com/symfony/recipes",
            "branch": "master",
            "version": "5.4",
            "ref": "3cd216a4d007b78d8554d44a5b1c0a446dab24fb"
        },
        "files": [
            "config/packages/cache.yaml",
            "config/packages/framework.yaml",
            "config/preload.php",
            "config/routes/framework.yaml",
            "config/services.yaml",
            "public/index.php",
            "src/Controller/.gitignore",
            "src/Kernel.php"
        ]
    },
    "symfony/http-foundation": {
        "version": "6.0.x-dev"
    },
    "symfony/http-kernel": {
        "version": "6.0.x-dev"
    },
    "symfony/maker-bundle": {
        "version": "1.0",
        "recipe": {
            "repo": "github.com/symfony/recipes",
            "branch": "master",
            "version": "1.0",
            "ref": "fadbfe33303a76e25cb63401050439aa9b1a9c7f"
        }
    },
    "symfony/monolog-bridge": {
        "version": "6.0.x-dev"
    },
    "symfony/monolog-bundle": {
        "version": "3.9999999",
        "recipe": {
            "repo": "github.com/symfony/recipes",
            "branch": "master",
            "version": "3.7",
            "ref": "213676c4ec929f046dfde5ea8e97625b81bc0578"
        },
        "files": [
            "config/packages/monolog.yaml"
        ]
    },
    "symfony/options-resolver": {
        "version": "6.0.x-dev"
    },
    "symfony/password-hasher": {
        "version": "6.0.x-dev"
    },
    "symfony/phpunit-bridge": {
        "version": "6.0",
        "recipe": {
            "repo": "github.com/symfony/recipes",
            "branch": "master",
            "version": "5.3",
            "ref": "97cb3dc7b0f39c7cfc4b7553504c9d7b7795de96"
        },
        "files": [
            ".env.test",
            "bin/phpunit",
            "phpunit.xml.dist",
            "tests/bootstrap.php"
        ]
    },
    "symfony/polyfill-intl-grapheme": {
        "version": "v1.25.0"
    },
    "symfony/polyfill-intl-icu": {
        "version": "v1.25.0"
    },
    "symfony/polyfill-intl-normalizer": {
        "version": "v1.25.0"
    },
    "symfony/polyfill-mbstring": {
        "version": "v1.25.0"
    },
    "symfony/polyfill-php81": {
        "version": "v1.25.0"
    },
    "symfony/process": {
        "version": "6.0.x-dev"
    },
    "symfony/property-access": {
        "version": "6.0.x-dev"
    },
    "symfony/property-info": {
        "version": "6.0.x-dev"
    },
    "symfony/routing": {
        "version": "6.0",
        "recipe": {
            "repo": "github.com/symfony/recipes",
            "branch": "master",
            "version": "6.0",
            "ref": "eb3b377a4dc07006c4bdb2c773652cc9434f5246"
        },
        "files": [
            "config/packages/routing.yaml",
            "config/routes.yaml"
        ]
    },
    "symfony/runtime": {
        "version": "6.0.x-dev"
    },
    "symfony/security-bundle": {
        "version": "6.0",
        "recipe": {
            "repo": "github.com/symfony/recipes",
            "branch": "master",
            "version": "5.3",
            "ref": "98f1f2b0d635908c2b40f3675da2d23b1a069d30"
        },
        "files": [
            "config/packages/security.yaml"
        ]
    },
    "symfony/security-core": {
        "version": "6.0.x-dev"
    },
    "symfony/security-csrf": {
        "version": "6.0.x-dev"
    },
    "symfony/security-http": {
        "version": "6.0.x-dev"
    },
    "symfony/serializer": {
        "version": "6.0.x-dev"
    },
    "symfony/service-contracts": {
        "version": "3.1.x-dev"
    },
    "symfony/stopwatch": {
        "version": "6.0.x-dev"
    },
    "symfony/string": {
        "version": "6.0.x-dev"
    },
    "symfony/translation-contracts": {
        "version": "3.1.x-dev"
    },
    "symfony/twig-bridge": {
        "version": "6.0.x-dev"
    },
    "symfony/twig-bundle": {
        "version": "6.0",
        "recipe": {
            "repo": "github.com/symfony/recipes",
            "branch": "master",
            "version": "5.4",
            "ref": "bb2178c57eee79e6be0b297aa96fc0c0def81387"
        },
        "files": [
            "config/packages/twig.yaml",
            "templates/base.html.twig"
        ]
    },
    "symfony/validator": {
        "version": "6.0",
        "recipe": {
            "repo": "github.com/symfony/recipes",
            "branch": "master",
            "version": "5.3",
            "ref": "c32cfd98f714894c4f128bb99aa2530c1227603c"
        },
        "files": [
            "config/packages/validator.yaml"
        ]
    },
    "symfony/var-dumper": {
        "version": "6.0.x-dev"
    },
    "symfony/var-exporter": {
        "version": "6.0.x-dev"
    },
    "symfony/web-link": {
        "version": "6.0.x-dev"
    },
    "symfony/web-profiler-bundle": {
        "version": "6.0",
        "recipe": {
            "repo": "github.com/symfony/recipes",
            "branch": "master",
            "version": "5.3",
            "ref": "24bbc3d84ef2f427f82104f766014e799eefcc3e"
        },
        "files": [
            "config/packages/web_profiler.yaml",
            "config/routes/web_profiler.yaml"
        ]
    },
    "symfony/workflow": {
        "version": "3.3",
        "recipe": {
            "repo": "github.com/symfony/recipes",
            "branch": "master",
            "version": "3.3",
            "ref": "3b2f8ca32a07fcb00f899649053943fa3d8bbfb6"
        },
        "files": [
            "config/packages/workflow.yaml"
        ]
    },
    "symfony/yaml": {
        "version": "6.0.x-dev"
    },
    "twig/twig": {
        "version": "3.x-dev"
    },
    "webmozart/assert": {
        "version": "1.10.x-dev"
    }
}
